
Microsoft Visual Studio Solution File, Format Version 12.00
# Visual Studio 2013
VisualStudioVersion = 12.0.31101.0
MinimumVisualStudioVersion = 10.0.40219.1
Project("{FAE04EC0-301F-11D3-BF4B-00C04F79EFBC}") = "templateMvc", "templateMvc\templateMvc.csproj", "{ADAC4AEC-14DC-4979-AF4A-A1E2C88F8160}"
EndProject
Project("{FAE04EC0-301F-11D3-BF4B-00C04F79EFBC}") = "templateMvc.Tests", "templateMvc.Tests\templateMvc.Tests.csproj", "{0ED2660E-D877-493C-80C3-56B591E51F3C}"
EndProject
Global
	GlobalSection(SolutionConfigurationPlatforms) = preSolution
		Debug|Any CPU = Debug|Any CPU
		Release|Any CPU = Release|Any CPU
	EndGlobalSection
	GlobalSection(ProjectConfigurationPlatforms) = postSolution
		{ADAC4AEC-14DC-4979-AF4A-A1E2C88F8160}.Debug|Any CPU.ActiveCfg = Debug|Any CPU
		{ADAC4AEC-14DC-4979-AF4A-A1E2C88F8160}.Debug|Any CPU.Build.0 = Debug|Any CPU
		{ADAC4AEC-14DC-4979-AF4A-A1E2C88F8160}.Release|Any CPU.ActiveCfg = Release|Any CPU
		{ADAC4AEC-14DC-4979-AF4A-A1E2C88F8160}.Release|Any CPU.Build.0 = Release|Any CPU
		{0ED2660E-D877-493C-80C3-56B591E51F3C}.Debug|Any CPU.ActiveCfg = Debug|Any CPU
		{0ED2660E-D877-493C-80C3-56B591E51F3C}.Debug|Any CPU.Build.0 = Debug|Any CPU
		{0ED2660E-D877-493C-80C3-56B591E51F3C}.Release|Any CPU.ActiveCfg = Release|Any CPU
		{0ED2660E-D877-493C-80C3-56B591E51F3C}.Release|Any CPU.Build.0 = Release|Any CPU
	EndGlobalSection
	GlobalSection(SolutionProperties) = preSolution
		HideSolutionNode = FALSE
	EndGlobalSection
EndGlobal
